# This file is automatically @generated by Cargo.
# It is not intended for manual editing.
version = 4

[[package]]
name = "forgekit"
version = "0.1.0"

[[package]]
name = "forgekit-cli"
version = "0.1.0"

[[package]]
name = "forgekit-core"
version = "0.1.0"

[[package]]
name = "forgekit-render"
version = "0.1.0"

[[package]]
name = "forgekit-scene"
version = "0.1.0"

[[package]]
name = "forgekit-shell-desktop"
version = "0.1.0"

[[package]]
name = "forgekit-text"
version = "0.1.0"

[[package]]
name = "forgekit-widgets"
version = "0.1.0"

[[package]]
name = "hello"
version = "0.1.0"
